
Microsoft Visual Studio Solution File, Format Version 12.00
# Visual Studio Version 17
VisualStudioVersion = 17.2.32519.379
MinimumVisualStudioVersion = 10.0.40219.1
Project("{FAE04EC0-301F-11D3-BF4B-00C04F79EFBC}") = "ClassBoxData", "ClassBoxData\ClassBoxData.csproj", "{7FD20942-9072-4550-9787-8E8ACA575D12}"
EndProject
Project("{9A19103F-16F7-4668-BE54-9A1E7A4F7556}") = "AnimalFarm", "AnimalFarm\AnimalFarm.csproj", "{921D3E53-2161-49BF-A73A-349B09FBDF9B}"
EndProject
Project("{FAE04EC0-301F-11D3-BF4B-00C04F79EFBC}") = "ShoppingSpree", "ShoppingSpree\ShoppingSpree.csproj", "{B6E11FC0-AE2F-410E-B954-D3436E0D39A4}"
EndProject
Global
	GlobalSection(SolutionConfigurationPlatforms) = preSolution
		Debug|Any CPU = Debug|Any CPU
		Release|Any CPU = Release|Any CPU
	EndGlobalSection
	GlobalSection(ProjectConfigurationPlatforms) = postSolution
		{7FD20942-9072-4550-9787-8E8ACA575D12}.Debug|Any CPU.ActiveCfg = Debug|Any CPU
		{7FD20942-9072-4550-9787-8E8ACA575D12}.Debug|Any CPU.Build.0 = Debug|Any CPU
		{7FD20942-9072-4550-9787-8E8ACA575D12}.Release|Any CPU.ActiveCfg = Release|Any CPU
		{7FD20942-9072-4550-9787-8E8ACA575D12}.Release|Any CPU.Build.0 = Release|Any CPU
		{921D3E53-2161-49BF-A73A-349B09FBDF9B}.Debug|Any CPU.ActiveCfg = Debug|Any CPU
		{921D3E53-2161-49BF-A73A-349B09FBDF9B}.Debug|Any CPU.Build.0 = Debug|Any CPU
		{921D3E53-2161-49BF-A73A-349B09FBDF9B}.Release|Any CPU.ActiveCfg = Release|Any CPU
		{921D3E53-2161-49BF-A73A-349B09FBDF9B}.Release|Any CPU.Build.0 = Release|Any CPU
		{B6E11FC0-AE2F-410E-B954-D3436E0D39A4}.Debug|Any CPU.ActiveCfg = Debug|Any CPU
		{B6E11FC0-AE2F-410E-B954-D3436E0D39A4}.Debug|Any CPU.Build.0 = Debug|Any CPU
		{B6E11FC0-AE2F-410E-B954-D3436E0D39A4}.Release|Any CPU.ActiveCfg = Release|Any CPU
		{B6E11FC0-AE2F-410E-B954-D3436E0D39A4}.Release|Any CPU.Build.0 = Release|Any CPU
	EndGlobalSection
	GlobalSection(SolutionProperties) = preSolution
		HideSolutionNode = FALSE
	EndGlobalSection
	GlobalSection(ExtensibilityGlobals) = postSolution
		SolutionGuid = {2C00E889-0EC8-4E05-A039-1F04A4C21CB9}
	EndGlobalSection
EndGlobal
