
Microsoft Visual Studio Solution File, Format Version 12.00
# Visual Studio Version 17
VisualStudioVersion = 17.0.32112.339
MinimumVisualStudioVersion = 10.0.40219.1
Project("{9A19103F-16F7-4668-BE54-9A1E7A4F7556}") = "01. Furniture", "01. Furniture\01. Furniture.csproj", "{E640FFBC-3772-4A2F-8F84-6C8F9ED198A4}"
EndProject
Project("{FAE04EC0-301F-11D3-BF4B-00C04F79EFBC}") = "02Race", "02Race\02Race.csproj", "{902C2677-0BD8-48A4-8DB3-457175CB4C8F}"
EndProject
Project("{FAE04EC0-301F-11D3-BF4B-00C04F79EFBC}") = "03SoftUniBarIncome", "03SoftUniBarIncome\03SoftUniBarIncome.csproj", "{9AC17D99-2166-4311-A18D-B4236F2DA540}"
EndProject
Global
	GlobalSection(SolutionConfigurationPlatforms) = preSolution
		Debug|Any CPU = Debug|Any CPU
		Release|Any CPU = Release|Any CPU
	EndGlobalSection
	GlobalSection(ProjectConfigurationPlatforms) = postSolution
		{E640FFBC-3772-4A2F-8F84-6C8F9ED198A4}.Debug|Any CPU.ActiveCfg = Debug|Any CPU
		{E640FFBC-3772-4A2F-8F84-6C8F9ED198A4}.Debug|Any CPU.Build.0 = Debug|Any CPU
		{E640FFBC-3772-4A2F-8F84-6C8F9ED198A4}.Release|Any CPU.ActiveCfg = Release|Any CPU
		{E640FFBC-3772-4A2F-8F84-6C8F9ED198A4}.Release|Any CPU.Build.0 = Release|Any CPU
		{902C2677-0BD8-48A4-8DB3-457175CB4C8F}.Debug|Any CPU.ActiveCfg = Debug|Any CPU
		{902C2677-0BD8-48A4-8DB3-457175CB4C8F}.Debug|Any CPU.Build.0 = Debug|Any CPU
		{902C2677-0BD8-48A4-8DB3-457175CB4C8F}.Release|Any CPU.ActiveCfg = Release|Any CPU
		{902C2677-0BD8-48A4-8DB3-457175CB4C8F}.Release|Any CPU.Build.0 = Release|Any CPU
		{9AC17D99-2166-4311-A18D-B4236F2DA540}.Debug|Any CPU.ActiveCfg = Debug|Any CPU
		{9AC17D99-2166-4311-A18D-B4236F2DA540}.Debug|Any CPU.Build.0 = Debug|Any CPU
		{9AC17D99-2166-4311-A18D-B4236F2DA540}.Release|Any CPU.ActiveCfg = Release|Any CPU
		{9AC17D99-2166-4311-A18D-B4236F2DA540}.Release|Any CPU.Build.0 = Release|Any CPU
	EndGlobalSection
	GlobalSection(SolutionProperties) = preSolution
		HideSolutionNode = FALSE
	EndGlobalSection
	GlobalSection(ExtensibilityGlobals) = postSolution
		SolutionGuid = {14DD9016-9724-4B4E-A80B-AB2354A570A6}
	EndGlobalSection
EndGlobal
