
Microsoft Visual Studio Solution File, Format Version 12.00
# Visual Studio Version 17
VisualStudioVersion = 17.0.32112.339
MinimumVisualStudioVersion = 10.0.40219.1
Project("{FAE04EC0-301F-11D3-BF4B-00C04F79EFBC}") = "01PasswordValidator", "01PasswordValidator\01PasswordValidator.csproj", "{6EE68722-DFD8-4E21-8114-0D36EBB06E17}"
EndProject
Project("{FAE04EC0-301F-11D3-BF4B-00C04F79EFBC}") = "02MessageDecrypter", "02MessageDecrypter\02MessageDecrypter.csproj", "{EA45ECCF-65D9-4357-97B9-F2EAA3CAD57B}"
EndProject
Project("{FAE04EC0-301F-11D3-BF4B-00C04F79EFBC}") = "03DegustationParty", "03DegustationParty\03DegustationParty.csproj", "{BD86B4D4-8931-401A-B3C9-16DCCA2901A9}"
EndProject
Global
	GlobalSection(SolutionConfigurationPlatforms) = preSolution
		Debug|Any CPU = Debug|Any CPU
		Release|Any CPU = Release|Any CPU
	EndGlobalSection
	GlobalSection(ProjectConfigurationPlatforms) = postSolution
		{6EE68722-DFD8-4E21-8114-0D36EBB06E17}.Debug|Any CPU.ActiveCfg = Debug|Any CPU
		{6EE68722-DFD8-4E21-8114-0D36EBB06E17}.Debug|Any CPU.Build.0 = Debug|Any CPU
		{6EE68722-DFD8-4E21-8114-0D36EBB06E17}.Release|Any CPU.ActiveCfg = Release|Any CPU
		{6EE68722-DFD8-4E21-8114-0D36EBB06E17}.Release|Any CPU.Build.0 = Release|Any CPU
		{EA45ECCF-65D9-4357-97B9-F2EAA3CAD57B}.Debug|Any CPU.ActiveCfg = Debug|Any CPU
		{EA45ECCF-65D9-4357-97B9-F2EAA3CAD57B}.Debug|Any CPU.Build.0 = Debug|Any CPU
		{EA45ECCF-65D9-4357-97B9-F2EAA3CAD57B}.Release|Any CPU.ActiveCfg = Release|Any CPU
		{EA45ECCF-65D9-4357-97B9-F2EAA3CAD57B}.Release|Any CPU.Build.0 = Release|Any CPU
		{BD86B4D4-8931-401A-B3C9-16DCCA2901A9}.Debug|Any CPU.ActiveCfg = Debug|Any CPU
		{BD86B4D4-8931-401A-B3C9-16DCCA2901A9}.Debug|Any CPU.Build.0 = Debug|Any CPU
		{BD86B4D4-8931-401A-B3C9-16DCCA2901A9}.Release|Any CPU.ActiveCfg = Release|Any CPU
		{BD86B4D4-8931-401A-B3C9-16DCCA2901A9}.Release|Any CPU.Build.0 = Release|Any CPU
	EndGlobalSection
	GlobalSection(SolutionProperties) = preSolution
		HideSolutionNode = FALSE
	EndGlobalSection
	GlobalSection(ExtensibilityGlobals) = postSolution
		SolutionGuid = {55590A0F-A5DC-4820-B111-77AFC15A1540}
	EndGlobalSection
EndGlobal
