
Microsoft Visual Studio Solution File, Format Version 12.00
# Visual Studio Version 17
VisualStudioVersion = 17.2.32519.379
MinimumVisualStudioVersion = 10.0.40219.1
Project("{9A19103F-16F7-4668-BE54-9A1E7A4F7556}") = "TilesMaster", "TilesMaster\TilesMaster.csproj", "{D06063A4-F3CE-4A4F-82BE-18F81C6E4F5B}"
EndProject
Project("{9A19103F-16F7-4668-BE54-9A1E7A4F7556}") = "Renovators", "Renovators\Renovators.csproj", "{12304A7E-8D39-4364-88C6-1DC283F694F8}"
EndProject
Global
	GlobalSection(SolutionConfigurationPlatforms) = preSolution
		Debug|Any CPU = Debug|Any CPU
		Release|Any CPU = Release|Any CPU
	EndGlobalSection
	GlobalSection(ProjectConfigurationPlatforms) = postSolution
		{D06063A4-F3CE-4A4F-82BE-18F81C6E4F5B}.Debug|Any CPU.ActiveCfg = Debug|Any CPU
		{D06063A4-F3CE-4A4F-82BE-18F81C6E4F5B}.Debug|Any CPU.Build.0 = Debug|Any CPU
		{D06063A4-F3CE-4A4F-82BE-18F81C6E4F5B}.Release|Any CPU.ActiveCfg = Release|Any CPU
		{D06063A4-F3CE-4A4F-82BE-18F81C6E4F5B}.Release|Any CPU.Build.0 = Release|Any CPU
		{12304A7E-8D39-4364-88C6-1DC283F694F8}.Debug|Any CPU.ActiveCfg = Debug|Any CPU
		{12304A7E-8D39-4364-88C6-1DC283F694F8}.Debug|Any CPU.Build.0 = Debug|Any CPU
		{12304A7E-8D39-4364-88C6-1DC283F694F8}.Release|Any CPU.ActiveCfg = Release|Any CPU
		{12304A7E-8D39-4364-88C6-1DC283F694F8}.Release|Any CPU.Build.0 = Release|Any CPU
	EndGlobalSection
	GlobalSection(SolutionProperties) = preSolution
		HideSolutionNode = FALSE
	EndGlobalSection
	GlobalSection(ExtensibilityGlobals) = postSolution
		SolutionGuid = {414E2A71-649F-467E-8828-432B01BF3D0B}
	EndGlobalSection
EndGlobal
