
Microsoft Visual Studio Solution File, Format Version 12.00
# Visual Studio Version 17
VisualStudioVersion = 17.2.32519.379
MinimumVisualStudioVersion = 10.0.40219.1
Project("{9A19103F-16F7-4668-BE54-9A1E7A4F7556}") = "Person", "Person\Person.csproj", "{A1F0E005-DF2F-4763-8900-C134FDAE876F}"
EndProject
Project("{FAE04EC0-301F-11D3-BF4B-00C04F79EFBC}") = "Zoo", "Zoo\Zoo.csproj", "{C11D1BCF-61FF-486E-9A1E-649A077EA769}"
EndProject
Project("{FAE04EC0-301F-11D3-BF4B-00C04F79EFBC}") = "PlayersAndMonsters", "PlayersAndMonsters\PlayersAndMonsters.csproj", "{08BF2981-1150-4605-AC62-4B5047E3EFE8}"
EndProject
Project("{FAE04EC0-301F-11D3-BF4B-00C04F79EFBC}") = "NeedForSpeed", "NeedForSpeed\NeedForSpeed.csproj", "{FD6A5250-EEE7-40BE-946C-25F351D196A8}"
EndProject
Project("{FAE04EC0-301F-11D3-BF4B-00C04F79EFBC}") = "Restaurant", "Restaurant\Restaurant.csproj", "{759ED985-1F22-4228-B206-3B05E9B6496F}"
EndProject
Global
	GlobalSection(SolutionConfigurationPlatforms) = preSolution
		Debug|Any CPU = Debug|Any CPU
		Release|Any CPU = Release|Any CPU
	EndGlobalSection
	GlobalSection(ProjectConfigurationPlatforms) = postSolution
		{A1F0E005-DF2F-4763-8900-C134FDAE876F}.Debug|Any CPU.ActiveCfg = Debug|Any CPU
		{A1F0E005-DF2F-4763-8900-C134FDAE876F}.Debug|Any CPU.Build.0 = Debug|Any CPU
		{A1F0E005-DF2F-4763-8900-C134FDAE876F}.Release|Any CPU.ActiveCfg = Release|Any CPU
		{A1F0E005-DF2F-4763-8900-C134FDAE876F}.Release|Any CPU.Build.0 = Release|Any CPU
		{C11D1BCF-61FF-486E-9A1E-649A077EA769}.Debug|Any CPU.ActiveCfg = Debug|Any CPU
		{C11D1BCF-61FF-486E-9A1E-649A077EA769}.Debug|Any CPU.Build.0 = Debug|Any CPU
		{C11D1BCF-61FF-486E-9A1E-649A077EA769}.Release|Any CPU.ActiveCfg = Release|Any CPU
		{C11D1BCF-61FF-486E-9A1E-649A077EA769}.Release|Any CPU.Build.0 = Release|Any CPU
		{08BF2981-1150-4605-AC62-4B5047E3EFE8}.Debug|Any CPU.ActiveCfg = Debug|Any CPU
		{08BF2981-1150-4605-AC62-4B5047E3EFE8}.Debug|Any CPU.Build.0 = Debug|Any CPU
		{08BF2981-1150-4605-AC62-4B5047E3EFE8}.Release|Any CPU.ActiveCfg = Release|Any CPU
		{08BF2981-1150-4605-AC62-4B5047E3EFE8}.Release|Any CPU.Build.0 = Release|Any CPU
		{FD6A5250-EEE7-40BE-946C-25F351D196A8}.Debug|Any CPU.ActiveCfg = Debug|Any CPU
		{FD6A5250-EEE7-40BE-946C-25F351D196A8}.Debug|Any CPU.Build.0 = Debug|Any CPU
		{FD6A5250-EEE7-40BE-946C-25F351D196A8}.Release|Any CPU.ActiveCfg = Release|Any CPU
		{FD6A5250-EEE7-40BE-946C-25F351D196A8}.Release|Any CPU.Build.0 = Release|Any CPU
		{759ED985-1F22-4228-B206-3B05E9B6496F}.Debug|Any CPU.ActiveCfg = Debug|Any CPU
		{759ED985-1F22-4228-B206-3B05E9B6496F}.Debug|Any CPU.Build.0 = Debug|Any CPU
		{759ED985-1F22-4228-B206-3B05E9B6496F}.Release|Any CPU.ActiveCfg = Release|Any CPU
		{759ED985-1F22-4228-B206-3B05E9B6496F}.Release|Any CPU.Build.0 = Release|Any CPU
	EndGlobalSection
	GlobalSection(SolutionProperties) = preSolution
		HideSolutionNode = FALSE
	EndGlobalSection
	GlobalSection(ExtensibilityGlobals) = postSolution
		SolutionGuid = {5FB75267-70BD-4C8A-9F3D-ACDBB0046E2E}
	EndGlobalSection
EndGlobal
